// !$*UTF8*$!
{
	archiveVersion = 1;
	classes = {
	};
	objectVersion = 46;
	objects = {

/* Begin PBXBuildFile section */
		CA9241B21D3D385500147901 /* main.m in Sources */ = {isa = PBXBuildFile; fileRef = CA9241B11D3D385500147901 /* main.m */; };
		CA9241B51D3D385500147901 /* AppDelegate.m in Sources */ = {isa = PBXBuildFile; fileRef = CA9241B41D3D385500147901 /* AppDelegate.m */; };
		CA9241B81D3D385500147901 /* MainTableViewController.m in Sources */ = {isa = PBXBuildFile; fileRef = CA9241B71D3D385500147901 /* MainTableViewController.m */; };
		CA9241BB1D3D385500147901 /* Main.storyboard in Resources */ = {isa = PBXBuildFile; fileRef = CA9241B91D3D385500147901 /* Main.storyboard */; };
		CA9241BD1D3D385500147901 /* Assets.xcassets in Resources */ = {isa = PBXBuildFile; fileRef = CA9241BC1D3D385500147901 /* Assets.xcassets */; };
		CA9241C01D3D385500147901 /* LaunchScreen.storyboard in Resources */ = {isa = PBXBuildFile; fileRef = CA9241BE1D3D385500147901 /* LaunchScreen.storyboard */; };
		DA4C340A1E38ECF500D654FA /* DetailViewController.m in Sources */ = {isa = PBXBuildFile; fileRef = DA4C34091E38ECF500D654FA /* DetailViewController.m */; };
		DA4C341D1E3935EB00D654FA /* HideableWindow.m in Sources */ = {isa = PBXBuildFile; fileRef = DA4C34121E3935EB00D654FA /* HideableWindow.m */; };
		DA4C341E1E3935EB00D654FA /* OBDragDropManager.m in Sources */ = {isa = PBXBuildFile; fileRef = DA4C34151E3935EB00D654FA /* OBDragDropManager.m */; };
		DA4C341F1E3935EB00D654FA /* OBLongPressDragDropGestureRecognizer.m in Sources */ = {isa = PBXBuildFile; fileRef = DA4C34181E3935EB00D654FA /* OBLongPressDragDropGestureRecognizer.m */; };
		DA4C34201E3935EB00D654FA /* UIGestureRecognizer+OBDragDrop.m in Sources */ = {isa = PBXBuildFile; fileRef = DA4C341A1E3935EB00D654FA /* UIGestureRecognizer+OBDragDrop.m */; };
		DA4C34211E3935EB00D654FA /* UIView+OBDropZone.m in Sources */ = {isa = PBXBuildFile; fileRef = DA4C341C1E3935EB00D654FA /* UIView+OBDropZone.m */; };
		DA4C34251E393AC300D654FA /* ViewController.m in Sources */ = {isa = PBXBuildFile; fileRef = DA4C34241E393AC300D654FA /* ViewController.m */; };
		DA4C34281E393B0900D654FA /* AdditionalSourcesViewController.m in Sources */ = {isa = PBXBuildFile; fileRef = DA4C34271E393B0900D654FA /* AdditionalSourcesViewController.m */; };
		DA4C342B1E393C2700D654FA /* SourceTableViewController.m in Sources */ = {isa = PBXBuildFile; fileRef = DA4C342A1E393C2700D654FA /* SourceTableViewController.m */; };
		DA4C34501E3943C200D654FA /* AFHTTPSessionManager.m in Sources */ = {isa = PBXBuildFile; fileRef = DA4C342F1E3943C200D654FA /* AFHTTPSessionManager.m */; };
		DA4C34511E3943C200D654FA /* AFNetworkReachabilityManager.m in Sources */ = {isa = PBXBuildFile; fileRef = DA4C34321E3943C200D654FA /* AFNetworkReachabilityManager.m */; };
		DA4C34521E3943C200D654FA /* AFSecurityPolicy.m in Sources */ = {isa = PBXBuildFile; fileRef = DA4C34341E3943C200D654FA /* AFSecurityPolicy.m */; };
		DA4C34531E3943C200D654FA /* AFURLRequestSerialization.m in Sources */ = {isa = PBXBuildFile; fileRef = DA4C34361E3943C200D654FA /* AFURLRequestSerialization.m */; };
		DA4C34541E3943C200D654FA /* AFURLResponseSerialization.m in Sources */ = {isa = PBXBuildFile; fileRef = DA4C34381E3943C200D654FA /* AFURLResponseSerialization.m */; };
		DA4C34551E3943C200D654FA /* AFURLSessionManager.m in Sources */ = {isa = PBXBuildFile; fileRef = DA4C343A1E3943C200D654FA /* AFURLSessionManager.m */; };
		DA4C34561E3943C200D654FA /* AFAutoPurgingImageCache.m in Sources */ = {isa = PBXBuildFile; fileRef = DA4C343D1E3943C200D654FA /* AFAutoPurgingImageCache.m */; };
		DA4C34571E3943C200D654FA /* AFImageDownloader.m in Sources */ = {isa = PBXBuildFile; fileRef = DA4C343F1E3943C200D654FA /* AFImageDownloader.m */; };
		DA4C34581E3943C200D654FA /* AFNetworkActivityIndicatorManager.m in Sources */ = {isa = PBXBuildFile; fileRef = DA4C34411E3943C200D654FA /* AFNetworkActivityIndicatorManager.m */; };
		DA4C34591E3943C200D654FA /* UIActivityIndicatorView+AFNetworking.m in Sources */ = {isa = PBXBuildFile; fileRef = DA4C34431E3943C200D654FA /* UIActivityIndicatorView+AFNetworking.m */; };
		DA4C345A1E3943C200D654FA /* UIButton+AFNetworking.m in Sources */ = {isa = PBXBuildFile; fileRef = DA4C34451E3943C200D654FA /* UIButton+AFNetworking.m */; };
		DA4C345B1E3943C200D654FA /* UIImageView+AFNetworking.m in Sources */ = {isa = PBXBuildFile; fileRef = DA4C34481E3943C200D654FA /* UIImageView+AFNetworking.m */; };
		DA4C345C1E3943C200D654FA /* UIProgressView+AFNetworking.m in Sources */ = {isa = PBXBuildFile; fileRef = DA4C344B1E3943C200D654FA /* UIProgressView+AFNetworking.m */; };
		DA4C345D1E3943C200D654FA /* UIRefreshControl+AFNetworking.m in Sources */ = {isa = PBXBuildFile; fileRef = DA4C344D1E3943C200D654FA /* UIRefreshControl+AFNetworking.m */; };
		DA4C345E1E3943C200D654FA /* UIWebView+AFNetworking.m in Sources */ = {isa = PBXBuildFile; fileRef = DA4C344F1E3943C200D654FA /* UIWebView+AFNetworking.m */; };
		DA4C34611E39477C00D654FA /* 75x75bb-85.png in Resources */ = {isa = PBXBuildFile; fileRef = DA4C34601E39477C00D654FA /* 75x75bb-85.png */; };
		DA4C34651E39573000D654FA /* ServiceCaller.m in Sources */ = {isa = PBXBuildFile; fileRef = DA4C34641E39573000D654FA /* ServiceCaller.m */; };
/* End PBXBuildFile section */

/* Begin PBXFileReference section */
		CA9241AD1D3D385500147901 /* UITableViewDemoObjectiveC.app */ = {isa = PBXFileReference; explicitFileType = wrapper.application; includeInIndex = 0; path = UITableViewDemoObjectiveC.app; sourceTree = BUILT_PRODUCTS_DIR; };
		CA9241B11D3D385500147901 /* main.m */ = {isa = PBXFileReference; lastKnownFileType = sourcecode.c.objc; path = main.m; sourceTree = "<group>"; };
		CA9241B31D3D385500147901 /* AppDelegate.h */ = {isa = PBXFileReference; lastKnownFileType = sourcecode.c.h; path = AppDelegate.h; sourceTree = "<group>"; };
		CA9241B41D3D385500147901 /* AppDelegate.m */ = {isa = PBXFileReference; lastKnownFileType = sourcecode.c.objc; path = AppDelegate.m; sourceTree = "<group>"; };
		CA9241B61D3D385500147901 /* MainTableViewController.h */ = {isa = PBXFileReference; lastKnownFileType = sourcecode.c.h; path = MainTableViewController.h; sourceTree = "<group>"; };
		CA9241B71D3D385500147901 /* MainTableViewController.m */ = {isa = PBXFileReference; lastKnownFileType = sourcecode.c.objc; path = MainTableViewController.m; sourceTree = "<group>"; };
		CA9241BA1D3D385500147901 /* Base */ = {isa = PBXFileReference; lastKnownFileType = file.storyboard; name = Base; path = Base.lproj/Main.storyboard; sourceTree = "<group>"; };
		CA9241BC1D3D385500147901 /* Assets.xcassets */ = {isa = PBXFileReference; lastKnownFileType = folder.assetcatalog; path = Assets.xcassets; sourceTree = "<group>"; };
		CA9241BF1D3D385500147901 /* Base */ = {isa = PBXFileReference; lastKnownFileType = file.storyboard; name = Base; path = Base.lproj/LaunchScreen.storyboard; sourceTree = "<group>"; };
		CA9241C11D3D385500147901 /* Info.plist */ = {isa = PBXFileReference; lastKnownFileType = text.plist.xml; path = Info.plist; sourceTree = "<group>"; };
		DA4C34081E38ECF500D654FA /* DetailViewController.h */ = {isa = PBXFileReference; fileEncoding = 4; lastKnownFileType = sourcecode.c.h; path = DetailViewController.h; sourceTree = "<group>"; };
		DA4C34091E38ECF500D654FA /* DetailViewController.m */ = {isa = PBXFileReference; fileEncoding = 4; lastKnownFileType = sourcecode.c.objc; path = DetailViewController.m; sourceTree = "<group>"; };
		DA4C34111E3935EB00D654FA /* HideableWindow.h */ = {isa = PBXFileReference; fileEncoding = 4; lastKnownFileType = sourcecode.c.h; path = HideableWindow.h; sourceTree = SOURCE_ROOT; };
		DA4C34121E3935EB00D654FA /* HideableWindow.m */ = {isa = PBXFileReference; fileEncoding = 4; lastKnownFileType = sourcecode.c.objc; path = HideableWindow.m; sourceTree = SOURCE_ROOT; };
		DA4C34131E3935EB00D654FA /* OBDragDrop.h */ = {isa = PBXFileReference; fileEncoding = 4; lastKnownFileType = sourcecode.c.h; path = OBDragDrop.h; sourceTree = SOURCE_ROOT; };
		DA4C34141E3935EB00D654FA /* OBDragDropManager.h */ = {isa = PBXFileReference; fileEncoding = 4; lastKnownFileType = sourcecode.c.h; path = OBDragDropManager.h; sourceTree = SOURCE_ROOT; };
		DA4C34151E3935EB00D654FA /* OBDragDropManager.m */ = {isa = PBXFileReference; fileEncoding = 4; lastKnownFileType = sourcecode.c.objc; path = OBDragDropManager.m; sourceTree = SOURCE_ROOT; };
		DA4C34161E3935EB00D654FA /* OBDragDropProtocol.h */ = {isa = PBXFileReference; fileEncoding = 4; lastKnownFileType = sourcecode.c.h; path = OBDragDropProtocol.h; sourceTree = SOURCE_ROOT; };
		DA4C34171E3935EB00D654FA /* OBLongPressDragDropGestureRecognizer.h */ = {isa = PBXFileReference; fileEncoding = 4; lastKnownFileType = sourcecode.c.h; path = OBLongPressDragDropGestureRecognizer.h; sourceTree = SOURCE_ROOT; };
		DA4C34181E3935EB00D654FA /* OBLongPressDragDropGestureRecognizer.m */ = {isa = PBXFileReference; fileEncoding = 4; lastKnownFileType = sourcecode.c.objc; path = OBLongPressDragDropGestureRecognizer.m; sourceTree = SOURCE_ROOT; };
		DA4C34191E3935EB00D654FA /* UIGestureRecognizer+OBDragDrop.h */ = {isa = PBXFileReference; fileEncoding = 4; lastKnownFileType = sourcecode.c.h; path = "UIGestureRecognizer+OBDragDrop.h"; sourceTree = SOURCE_ROOT; };
		DA4C341A1E3935EB00D654FA /* UIGestureRecognizer+OBDragDrop.m */ = {isa = PBXFileReference; fileEncoding = 4; lastKnownFileType = sourcecode.c.objc; path = "UIGestureRecognizer+OBDragDrop.m"; sourceTree = SOURCE_ROOT; };
		DA4C341B1E3935EB00D654FA /* UIView+OBDropZone.h */ = {isa = PBXFileReference; fileEncoding = 4; lastKnownFileType = sourcecode.c.h; path = "UIView+OBDropZone.h"; sourceTree = SOURCE_ROOT; };
		DA4C341C1E3935EB00D654FA /* UIView+OBDropZone.m */ = {isa = PBXFileReference; fileEncoding = 4; lastKnownFileType = sourcecode.c.objc; path = "UIView+OBDropZone.m"; sourceTree = SOURCE_ROOT; };
		DA4C34231E393AC300D654FA /* ViewController.h */ = {isa = PBXFileReference; fileEncoding = 4; lastKnownFileType = sourcecode.c.h; path = ViewController.h; sourceTree = "<group>"; };
		DA4C34241E393AC300D654FA /* ViewController.m */ = {isa = PBXFileReference; fileEncoding = 4; lastKnownFileType = sourcecode.c.objc; path = ViewController.m; sourceTree = "<group>"; };
		DA4C34261E393B0900D654FA /* AdditionalSourcesViewController.h */ = {isa = PBXFileReference; fileEncoding = 4; lastKnownFileType = sourcecode.c.h; path = AdditionalSourcesViewController.h; sourceTree = "<group>"; };
		DA4C34271E393B0900D654FA /* AdditionalSourcesViewController.m */ = {isa = PBXFileReference; fileEncoding = 4; lastKnownFileType = sourcecode.c.objc; path = AdditionalSourcesViewController.m; sourceTree = "<group>"; };
		DA4C34291E393C2700D654FA /* SourceTableViewController.h */ = {isa = PBXFileReference; fileEncoding = 4; lastKnownFileType = sourcecode.c.h; path = SourceTableViewController.h; sourceTree = "<group>"; };
		DA4C342A1E393C2700D654FA /* SourceTableViewController.m */ = {isa = PBXFileReference; fileEncoding = 4; lastKnownFileType = sourcecode.c.objc; path = SourceTableViewController.m; sourceTree = "<group>"; };
		DA4C342E1E3943C200D654FA /* AFHTTPSessionManager.h */ = {isa = PBXFileReference; fileEncoding = 4; lastKnownFileType = sourcecode.c.h; path = AFHTTPSessionManager.h; sourceTree = "<group>"; };
		DA4C342F1E3943C200D654FA /* AFHTTPSessionManager.m */ = {isa = PBXFileReference; fileEncoding = 4; lastKnownFileType = sourcecode.c.objc; path = AFHTTPSessionManager.m; sourceTree = "<group>"; };
		DA4C34301E3943C200D654FA /* AFNetworking.h */ = {isa = PBXFileReference; fileEncoding = 4; lastKnownFileType = sourcecode.c.h; path = AFNetworking.h; sourceTree = "<group>"; };
		DA4C34311E3943C200D654FA /* AFNetworkReachabilityManager.h */ = {isa = PBXFileReference; fileEncoding = 4; lastKnownFileType = sourcecode.c.h; path = AFNetworkReachabilityManager.h; sourceTree = "<group>"; };
		DA4C34321E3943C200D654FA /* AFNetworkReachabilityManager.m */ = {isa = PBXFileReference; fileEncoding = 4; lastKnownFileType = sourcecode.c.objc; path = AFNetworkReachabilityManager.m; sourceTree = "<group>"; };
		DA4C34331E3943C200D654FA /* AFSecurityPolicy.h */ = {isa = PBXFileReference; fileEncoding = 4; lastKnownFileType = sourcecode.c.h; path = AFSecurityPolicy.h; sourceTree = "<group>"; };
		DA4C34341E3943C200D654FA /* AFSecurityPolicy.m */ = {isa = PBXFileReference; fileEncoding = 4; lastKnownFileType = sourcecode.c.objc; path = AFSecurityPolicy.m; sourceTree = "<group>"; };
		DA4C34351E3943C200D654FA /* AFURLRequestSerialization.h */ = {isa = PBXFileReference; fileEncoding = 4; lastKnownFileType = sourcecode.c.h; path = AFURLRequestSerialization.h; sourceTree = "<group>"; };
		DA4C34361E3943C200D654FA /* AFURLRequestSerialization.m */ = {isa = PBXFileReference; fileEncoding = 4; lastKnownFileType = sourcecode.c.objc; path = AFURLRequestSerialization.m; sourceTree = "<group>"; };
		DA4C34371E3943C200D654FA /* AFURLResponseSerialization.h */ = {isa = PBXFileReference; fileEncoding = 4; lastKnownFileType = sourcecode.c.h; path = AFURLResponseSerialization.h; sourceTree = "<group>"; };
		DA4C34381E3943C200D654FA /* AFURLResponseSerialization.m */ = {isa = PBXFileReference; fileEncoding = 4; lastKnownFileType = sourcecode.c.objc; path = AFURLResponseSerialization.m; sourceTree = "<group>"; };
		DA4C34391E3943C200D654FA /* AFURLSessionManager.h */ = {isa = PBXFileReference; fileEncoding = 4; lastKnownFileType = sourcecode.c.h; path = AFURLSessionManager.h; sourceTree = "<group>"; };
		DA4C343A1E3943C200D654FA /* AFURLSessionManager.m */ = {isa = PBXFileReference; fileEncoding = 4; lastKnownFileType = sourcecode.c.objc; path = AFURLSessionManager.m; sourceTree = "<group>"; };
		DA4C343C1E3943C200D654FA /* AFAutoPurgingImageCache.h */ = {isa = PBXFileReference; fileEncoding = 4; lastKnownFileType = sourcecode.c.h; path = AFAutoPurgingImageCache.h; sourceTree = "<group>"; };
		DA4C343D1E3943C200D654FA /* AFAutoPurgingImageCache.m */ = {isa = PBXFileReference; fileEncoding = 4; lastKnownFileType = sourcecode.c.objc; path = AFAutoPurgingImageCache.m; sourceTree = "<group>"; };
		DA4C343E1E3943C200D654FA /* AFImageDownloader.h */ = {isa = PBXFileReference; fileEncoding = 4; lastKnownFileType = sourcecode.c.h; path = AFImageDownloader.h; sourceTree = "<group>"; };
		DA4C343F1E3943C200D654FA /* AFImageDownloader.m */ = {isa = PBXFileReference; fileEncoding = 4; lastKnownFileType = sourcecode.c.objc; path = AFImageDownloader.m; sourceTree = "<group>"; };
		DA4C34401E3943C200D654FA /* AFNetworkActivityIndicatorManager.h */ = {isa = PBXFileReference; fileEncoding = 4; lastKnownFileType = sourcecode.c.h; path = AFNetworkActivityIndicatorManager.h; sourceTree = "<group>"; };
		DA4C34411E3943C200D654FA /* AFNetworkActivityIndicatorManager.m */ = {isa = PBXFileReference; fileEncoding = 4; lastKnownFileType = sourcecode.c.objc; path = AFNetworkActivityIndicatorManager.m; sourceTree = "<group>"; };
		DA4C34421E3943C200D654FA /* UIActivityIndicatorView+AFNetworking.h */ = {isa = PBXFileReference; fileEncoding = 4; lastKnownFileType = sourcecode.c.h; path = "UIActivityIndicatorView+AFNetworking.h"; sourceTree = "<group>"; };
		DA4C34431E3943C200D654FA /* UIActivityIndicatorView+AFNetworking.m */ = {isa = PBXFileReference; fileEncoding = 4; lastKnownFileType = sourcecode.c.objc; path = "UIActivityIndicatorView+AFNetworking.m"; sourceTree = "<group>"; };
		DA4C34441E3943C200D654FA /* UIButton+AFNetworking.h */ = {isa = PBXFileReference; fileEncoding = 4; lastKnownFileType = sourcecode.c.h; path = "UIButton+AFNetworking.h"; sourceTree = "<group>"; };
		DA4C34451E3943C200D654FA /* UIButton+AFNetworking.m */ = {isa = PBXFileReference; fileEncoding = 4; lastKnownFileType = sourcecode.c.objc; path = "UIButton+AFNetworking.m"; sourceTree = "<group>"; };
		DA4C34461E3943C200D654FA /* UIImage+AFNetworking.h */ = {isa = PBXFileReference; fileEncoding = 4; lastKnownFileType = sourcecode.c.h; path = "UIImage+AFNetworking.h"; sourceTree = "<group>"; };
		DA4C34471E3943C200D654FA /* UIImageView+AFNetworking.h */ = {isa = PBXFileReference; fileEncoding = 4; lastKnownFileType = sourcecode.c.h; path = "UIImageView+AFNetworking.h"; sourceTree = "<group>"; };
		DA4C34481E3943C200D654FA /* UIImageView+AFNetworking.m */ = {isa = PBXFileReference; fileEncoding = 4; lastKnownFileType = sourcecode.c.objc; path = "UIImageView+AFNetworking.m"; sourceTree = "<group>"; };
		DA4C34491E3943C200D654FA /* UIKit+AFNetworking.h */ = {isa = PBXFileReference; fileEncoding = 4; lastKnownFileType = sourcecode.c.h; path = "UIKit+AFNetworking.h"; sourceTree = "<group>"; };
		DA4C344A1E3943C200D654FA /* UIProgressView+AFNetworking.h */ = {isa = PBXFileReference; fileEncoding = 4; lastKnownFileType = sourcecode.c.h; path = "UIProgressView+AFNetworking.h"; sourceTree = "<group>"; };
		DA4C344B1E3943C200D654FA /* UIProgressView+AFNetworking.m */ = {isa = PBXFileReference; fileEncoding = 4; lastKnownFileType = sourcecode.c.objc; path = "UIProgressView+AFNetworking.m"; sourceTree = "<group>"; };
		DA4C344C1E3943C200D654FA /* UIRefreshControl+AFNetworking.h */ = {isa = PBXFileReference; fileEncoding = 4; lastKnownFileType = sourcecode.c.h; path = "UIRefreshControl+AFNetworking.h"; sourceTree = "<group>"; };
		DA4C344D1E3943C200D654FA /* UIRefreshControl+AFNetworking.m */ = {isa = PBXFileReference; fileEncoding = 4; lastKnownFileType = sourcecode.c.objc; path = "UIRefreshControl+AFNetworking.m"; sourceTree = "<group>"; };
		DA4C344E1E3943C200D654FA /* UIWebView+AFNetworking.h */ = {isa = PBXFileReference; fileEncoding = 4; lastKnownFileType = sourcecode.c.h; path = "UIWebView+AFNetworking.h"; sourceTree = "<group>"; };
		DA4C344F1E3943C200D654FA /* UIWebView+AFNetworking.m */ = {isa = PBXFileReference; fileEncoding = 4; lastKnownFileType = sourcecode.c.objc; path = "UIWebView+AFNetworking.m"; sourceTree = "<group>"; };
		DA4C345F1E3944A000D654FA /* PrefixHeader.pch */ = {isa = PBXFileReference; lastKnownFileType = sourcecode.c.h; path = PrefixHeader.pch; sourceTree = "<group>"; };
		DA4C34601E39477C00D654FA /* 75x75bb-85.png */ = {isa = PBXFileReference; lastKnownFileType = image.png; path = "75x75bb-85.png"; sourceTree = "<group>"; };
		DA4C34631E39573000D654FA /* ServiceCaller.h */ = {isa = PBXFileReference; fileEncoding = 4; lastKnownFileType = sourcecode.c.h; path = ServiceCaller.h; sourceTree = "<group>"; };
		DA4C34641E39573000D654FA /* ServiceCaller.m */ = {isa = PBXFileReference; fileEncoding = 4; lastKnownFileType = sourcecode.c.objc; path = ServiceCaller.m; sourceTree = "<group>"; };
/* End PBXFileReference section */

/* Begin PBXFrameworksBuildPhase section */
		CA9241AA1D3D385500147901 /* Frameworks */ = {
			isa = PBXFrameworksBuildPhase;
			buildActionMask = 2147483647;
			files = (
			);
			runOnlyForDeploymentPostprocessing = 0;
		};
/* End PBXFrameworksBuildPhase section */

/* Begin PBXGroup section */
		CA9241A41D3D385500147901 = {
			isa = PBXGroup;
			children = (
				CA9241AF1D3D385500147901 /* UITableViewDemoObjectiveC */,
				CA9241AE1D3D385500147901 /* Products */,
			);
			sourceTree = "<group>";
		};
		CA9241AE1D3D385500147901 /* Products */ = {
			isa = PBXGroup;
			children = (
				CA9241AD1D3D385500147901 /* UITableViewDemoObjectiveC.app */,
			);
			name = Products;
			sourceTree = "<group>";
		};
		CA9241AF1D3D385500147901 /* UITableViewDemoObjectiveC */ = {
			isa = PBXGroup;
			children = (
				DA4C34621E3956E300D654FA /* sycUtil */,
				DA4C342D1E3943C200D654FA /* AFNetworking */,
				DA4C343B1E3943C200D654FA /* UIKit+AFNetworking */,
				DA4C342C1E393FD100D654FA /* resources */,
				DA4C34221E393AA000D654FA /* dragpanel */,
				DA4C34101E392DAC00D654FA /* Classes */,
				CA9241B31D3D385500147901 /* AppDelegate.h */,
				CA9241B41D3D385500147901 /* AppDelegate.m */,
				CA9241B61D3D385500147901 /* MainTableViewController.h */,
				CA9241B71D3D385500147901 /* MainTableViewController.m */,
				CA9241B91D3D385500147901 /* Main.storyboard */,
				CA9241BC1D3D385500147901 /* Assets.xcassets */,
				CA9241BE1D3D385500147901 /* LaunchScreen.storyboard */,
				CA9241C11D3D385500147901 /* Info.plist */,
				CA9241B01D3D385500147901 /* Supporting Files */,
				DA4C34081E38ECF500D654FA /* DetailViewController.h */,
				DA4C34091E38ECF500D654FA /* DetailViewController.m */,
			);
			path = UITableViewDemoObjectiveC;
			sourceTree = "<group>";
		};
		CA9241B01D3D385500147901 /* Supporting Files */ = {
			isa = PBXGroup;
			children = (
				CA9241B11D3D385500147901 /* main.m */,
				DA4C345F1E3944A000D654FA /* PrefixHeader.pch */,
			);
			name = "Supporting Files";
			sourceTree = "<group>";
		};
		DA4C34101E392DAC00D654FA /* Classes */ = {
			isa = PBXGroup;
			children = (
				DA4C34111E3935EB00D654FA /* HideableWindow.h */,
				DA4C34121E3935EB00D654FA /* HideableWindow.m */,
				DA4C34131E3935EB00D654FA /* OBDragDrop.h */,
				DA4C34141E3935EB00D654FA /* OBDragDropManager.h */,
				DA4C34151E3935EB00D654FA /* OBDragDropManager.m */,
				DA4C34161E3935EB00D654FA /* OBDragDropProtocol.h */,
				DA4C34171E3935EB00D654FA /* OBLongPressDragDropGestureRecognizer.h */,
				DA4C34181E3935EB00D654FA /* OBLongPressDragDropGestureRecognizer.m */,
				DA4C34191E3935EB00D654FA /* UIGestureRecognizer+OBDragDrop.h */,
				DA4C341A1E3935EB00D654FA /* UIGestureRecognizer+OBDragDrop.m */,
				DA4C341B1E3935EB00D654FA /* UIView+OBDropZone.h */,
				DA4C341C1E3935EB00D654FA /* UIView+OBDropZone.m */,
			);
			name = Classes;
			sourceTree = "<group>";
		};
		DA4C34221E393AA000D654FA /* dragpanel */ = {
			isa = PBXGroup;
			children = (
				DA4C34291E393C2700D654FA /* SourceTableViewController.h */,
				DA4C342A1E393C2700D654FA /* SourceTableViewController.m */,
				DA4C34261E393B0900D654FA /* AdditionalSourcesViewController.h */,
				DA4C34271E393B0900D654FA /* AdditionalSourcesViewController.m */,
				DA4C34231E393AC300D654FA /* ViewController.h */,
				DA4C34241E393AC300D654FA /* ViewController.m */,
			);
			name = dragpanel;
			sourceTree = "<group>";
		};
		DA4C342C1E393FD100D654FA /* resources */ = {
			isa = PBXGroup;
			children = (
				DA4C34601E39477C00D654FA /* 75x75bb-85.png */,
			);
			name = resources;
			sourceTree = "<group>";
		};
		DA4C342D1E3943C200D654FA /* AFNetworking */ = {
			isa = PBXGroup;
			children = (
				DA4C342E1E3943C200D654FA /* AFHTTPSessionManager.h */,
				DA4C342F1E3943C200D654FA /* AFHTTPSessionManager.m */,
				DA4C34301E3943C200D654FA /* AFNetworking.h */,
				DA4C34311E3943C200D654FA /* AFNetworkReachabilityManager.h */,
				DA4C34321E3943C200D654FA /* AFNetworkReachabilityManager.m */,
				DA4C34331E3943C200D654FA /* AFSecurityPolicy.h */,
				DA4C34341E3943C200D654FA /* AFSecurityPolicy.m */,
				DA4C34351E3943C200D654FA /* AFURLRequestSerialization.h */,
				DA4C34361E3943C200D654FA /* AFURLRequestSerialization.m */,
				DA4C34371E3943C200D654FA /* AFURLResponseSerialization.h */,
				DA4C34381E3943C200D654FA /* AFURLResponseSerialization.m */,
				DA4C34391E3943C200D654FA /* AFURLSessionManager.h */,
				DA4C343A1E3943C200D654FA /* AFURLSessionManager.m */,
			);
			path = AFNetworking;
			sourceTree = "<group>";
		};
		DA4C343B1E3943C200D654FA /* UIKit+AFNetworking */ = {
			isa = PBXGroup;
			children = (
				DA4C343C1E3943C200D654FA /* AFAutoPurgingImageCache.h */,
				DA4C343D1E3943C200D654FA /* AFAutoPurgingImageCache.m */,
				DA4C343E1E3943C200D654FA /* AFImageDownloader.h */,
				DA4C343F1E3943C200D654FA /* AFImageDownloader.m */,
				DA4C34401E3943C200D654FA /* AFNetworkActivityIndicatorManager.h */,
				DA4C34411E3943C200D654FA /* AFNetworkActivityIndicatorManager.m */,
				DA4C34421E3943C200D654FA /* UIActivityIndicatorView+AFNetworking.h */,
				DA4C34431E3943C200D654FA /* UIActivityIndicatorView+AFNetworking.m */,
				DA4C34441E3943C200D654FA /* UIButton+AFNetworking.h */,
				DA4C34451E3943C200D654FA /* UIButton+AFNetworking.m */,
				DA4C34461E3943C200D654FA /* UIImage+AFNetworking.h */,
				DA4C34471E3943C200D654FA /* UIImageView+AFNetworking.h */,
				DA4C34481E3943C200D654FA /* UIImageView+AFNetworking.m */,
				DA4C34491E3943C200D654FA /* UIKit+AFNetworking.h */,
				DA4C344A1E3943C200D654FA /* UIProgressView+AFNetworking.h */,
				DA4C344B1E3943C200D654FA /* UIProgressView+AFNetworking.m */,
				DA4C344C1E3943C200D654FA /* UIRefreshControl+AFNetworking.h */,
				DA4C344D1E3943C200D654FA /* UIRefreshControl+AFNetworking.m */,
				DA4C344E1E3943C200D654FA /* UIWebView+AFNetworking.h */,
				DA4C344F1E3943C200D654FA /* UIWebView+AFNetworking.m */,
			);
			path = "UIKit+AFNetworking";
			sourceTree = "<group>";
		};
		DA4C34621E3956E300D654FA /* sycUtil */ = {
			isa = PBXGroup;
			children = (
				DA4C34631E39573000D654FA /* ServiceCaller.h */,
				DA4C34641E39573000D654FA /* ServiceCaller.m */,
			);
			name = sycUtil;
			sourceTree = "<group>";
		};
/* End PBXGroup section */

/* Begin PBXNativeTarget section */
		CA9241AC1D3D385500147901 /* UITableViewDemoObjectiveC */ = {
			isa = PBXNativeTarget;
			buildConfigurationList = CA9241C41D3D385500147901 /* Build configuration list for PBXNativeTarget "UITableViewDemoObjectiveC" */;
			buildPhases = (
				CA9241A91D3D385500147901 /* Sources */,
				CA9241AA1D3D385500147901 /* Frameworks */,
				CA9241AB1D3D385500147901 /* Resources */,
			);
			buildRules = (
			);
			dependencies = (
			);
			name = UITableViewDemoObjectiveC;
			productName = UITableViewDemoObjectiveC;
			productReference = CA9241AD1D3D385500147901 /* UITableViewDemoObjectiveC.app */;
			productType = "com.apple.product-type.application";
		};
/* End PBXNativeTarget section */

/* Begin PBXProject section */
		CA9241A51D3D385500147901 /* Project object */ = {
			isa = PBXProject;
			attributes = {
				LastUpgradeCheck = 0730;
				ORGANIZATIONNAME = iHart;
				TargetAttributes = {
					CA9241AC1D3D385500147901 = {
						CreatedOnToolsVersion = 7.3.1;
					};
				};
			};
			buildConfigurationList = CA9241A81D3D385500147901 /* Build configuration list for PBXProject "UITableViewDemoObjectiveC" */;
			compatibilityVersion = "Xcode 3.2";
			developmentRegion = English;
			hasScannedForEncodings = 0;
			knownRegions = (
				en,
				Base,
			);
			mainGroup = CA9241A41D3D385500147901;
			productRefGroup = CA9241AE1D3D385500147901 /* Products */;
			projectDirPath = "";
			projectRoot = "";
			targets = (
				CA9241AC1D3D385500147901 /* UITableViewDemoObjectiveC */,
			);
		};
/* End PBXProject section */

/* Begin PBXResourcesBuildPhase section */
		CA9241AB1D3D385500147901 /* Resources */ = {
			isa = PBXResourcesBuildPhase;
			buildActionMask = 2147483647;
			files = (
				CA9241C01D3D385500147901 /* LaunchScreen.storyboard in Resources */,
				CA9241BD1D3D385500147901 /* Assets.xcassets in Resources */,
				CA9241BB1D3D385500147901 /* Main.storyboard in Resources */,
				DA4C34611E39477C00D654FA /* 75x75bb-85.png in Resources */,
			);
			runOnlyForDeploymentPostprocessing = 0;
		};
/* End PBXResourcesBuildPhase section */

/* Begin PBXSourcesBuildPhase section */
		CA9241A91D3D385500147901 /* Sources */ = {
			isa = PBXSourcesBuildPhase;
			buildActionMask = 2147483647;
			files = (
				DA4C341F1E3935EB00D654FA /* OBLongPressDragDropGestureRecognizer.m in Sources */,
				DA4C34521E3943C200D654FA /* AFSecurityPolicy.m in Sources */,
				CA9241B81D3D385500147901 /* MainTableViewController.m in Sources */,
				CA9241B51D3D385500147901 /* AppDelegate.m in Sources */,
				DA4C345C1E3943C200D654FA /* UIProgressView+AFNetworking.m in Sources */,
				DA4C341D1E3935EB00D654FA /* HideableWindow.m in Sources */,
				DA4C34581E3943C200D654FA /* AFNetworkActivityIndicatorManager.m in Sources */,
				DA4C34251E393AC300D654FA /* ViewController.m in Sources */,
				DA4C345A1E3943C200D654FA /* UIButton+AFNetworking.m in Sources */,
				DA4C341E1E3935EB00D654FA /* OBDragDropManager.m in Sources */,
				DA4C34571E3943C200D654FA /* AFImageDownloader.m in Sources */,
				DA4C345E1E3943C200D654FA /* UIWebView+AFNetworking.m in Sources */,
				DA4C34531E3943C200D654FA /* AFURLRequestSerialization.m in Sources */,
				DA4C342B1E393C2700D654FA /* SourceTableViewController.m in Sources */,
				DA4C34561E3943C200D654FA /* AFAutoPurgingImageCache.m in Sources */,
				DA4C34551E3943C200D654FA /* AFURLSessionManager.m in Sources */,
				CA9241B21D3D385500147901 /* main.m in Sources */,
				DA4C34591E3943C200D654FA /* UIActivityIndicatorView+AFNetworking.m in Sources */,
				DA4C34201E3935EB00D654FA /* UIGestureRecognizer+OBDragDrop.m in Sources */,
				DA4C34211E3935EB00D654FA /* UIView+OBDropZone.m in Sources */,
				DA4C34541E3943C200D654FA /* AFURLResponseSerialization.m in Sources */,
				DA4C345D1E3943C200D654FA /* UIRefreshControl+AFNetworking.m in Sources */,
				DA4C34651E39573000D654FA /* ServiceCaller.m in Sources */,
				DA4C345B1E3943C200D654FA /* UIImageView+AFNetworking.m in Sources */,
				DA4C34511E3943C200D654FA /* AFNetworkReachabilityManager.m in Sources */,
				DA4C34281E393B0900D654FA /* AdditionalSourcesViewController.m in Sources */,
				DA4C340A1E38ECF500D654FA /* DetailViewController.m in Sources */,
				DA4C34501E3943C200D654FA /* AFHTTPSessionManager.m in Sources */,
			);
			runOnlyForDeploymentPostprocessing = 0;
		};
/* End PBXSourcesBuildPhase section */

/* Begin PBXVariantGroup section */
		CA9241B91D3D385500147901 /* Main.storyboard */ = {
			isa = PBXVariantGroup;
			children = (
				CA9241BA1D3D385500147901 /* Base */,
			);
			name = Main.storyboard;
			sourceTree = "<group>";
		};
		CA9241BE1D3D385500147901 /* LaunchScreen.storyboard */ = {
			isa = PBXVariantGroup;
			children = (
				CA9241BF1D3D385500147901 /* Base */,
			);
			name = LaunchScreen.storyboard;
			sourceTree = "<group>";
		};
/* End PBXVariantGroup section */

/* Begin XCBuildConfiguration section */
		CA9241C21D3D385500147901 /* Debug */ = {
			isa = XCBuildConfiguration;
			buildSettings = {
				ALWAYS_SEARCH_USER_PATHS = NO;
				CLANG_ANALYZER_NONNULL = YES;
				CLANG_CXX_LANGUAGE_STANDARD = "gnu++0x";
				CLANG_CXX_LIBRARY = "libc++";
				CLANG_ENABLE_MODULES = YES;
				CLANG_ENABLE_OBJC_ARC = YES;
				CLANG_WARN_BOOL_CONVERSION = YES;
				CLANG_WARN_CONSTANT_CONVERSION = YES;
				CLANG_WARN_DIRECT_OBJC_ISA_USAGE = YES_ERROR;
				CLANG_WARN_EMPTY_BODY = YES;
				CLANG_WARN_ENUM_CONVERSION = YES;
				CLANG_WARN_INT_CONVERSION = YES;
				CLANG_WARN_OBJC_ROOT_CLASS = YES_ERROR;
				CLANG_WARN_UNREACHABLE_CODE = YES;
				CLANG_WARN__DUPLICATE_METHOD_MATCH = YES;
				"CODE_SIGN_IDENTITY[sdk=iphoneos*]" = "iPhone Developer";
				COPY_PHASE_STRIP = NO;
				DEBUG_INFORMATION_FORMAT = dwarf;
				ENABLE_STRICT_OBJC_MSGSEND = YES;
				ENABLE_TESTABILITY = YES;
				GCC_C_LANGUAGE_STANDARD = gnu99;
				GCC_DYNAMIC_NO_PIC = NO;
				GCC_NO_COMMON_BLOCKS = YES;
				GCC_OPTIMIZATION_LEVEL = 0;
				GCC_PREPROCESSOR_DEFINITIONS = (
					"DEBUG=1",
					"$(inherited)",
				);
				GCC_WARN_64_TO_32_BIT_CONVERSION = YES;
				GCC_WARN_ABOUT_RETURN_TYPE = YES_ERROR;
				GCC_WARN_UNDECLARED_SELECTOR = YES;
				GCC_WARN_UNINITIALIZED_AUTOS = YES_AGGRESSIVE;
				GCC_WARN_UNUSED_FUNCTION = YES;
				GCC_WARN_UNUSED_VARIABLE = YES;
				IPHONEOS_DEPLOYMENT_TARGET = 9.3;
				MTL_ENABLE_DEBUG_INFO = YES;
				ONLY_ACTIVE_ARCH = YES;
				SDKROOT = iphoneos;
				TARGETED_DEVICE_FAMILY = "1,2";
			};
			name = Debug;
		};
		CA9241C31D3D385500147901 /* Release */ = {
			isa = XCBuildConfiguration;
			buildSettings = {
				ALWAYS_SEARCH_USER_PATHS = NO;
				CLANG_ANALYZER_NONNULL = YES;
				CLANG_CXX_LANGUAGE_STANDARD = "gnu++0x";
				CLANG_CXX_LIBRARY = "libc++";
				CLANG_ENABLE_MODULES = YES;
				CLANG_ENABLE_OBJC_ARC = YES;
				CLANG_WARN_BOOL_CONVERSION = YES;
				CLANG_WARN_CONSTANT_CONVERSION = YES;
				CLANG_WARN_DIRECT_OBJC_ISA_USAGE = YES_ERROR;
				CLANG_WARN_EMPTY_BODY = YES;
				CLANG_WARN_ENUM_CONVERSION = YES;
				CLANG_WARN_INT_CONVERSION = YES;
				CLANG_WARN_OBJC_ROOT_CLASS = YES_ERROR;
				CLANG_WARN_UNREACHABLE_CODE = YES;
				CLANG_WARN__DUPLICATE_METHOD_MATCH = YES;
				"CODE_SIGN_IDENTITY[sdk=iphoneos*]" = "iPhone Developer";
				COPY_PHASE_STRIP = NO;
				DEBUG_INFORMATION_FORMAT = "dwarf-with-dsym";
				ENABLE_NS_ASSERTIONS = NO;
				ENABLE_STRICT_OBJC_MSGSEND = YES;
				GCC_C_LANGUAGE_STANDARD = gnu99;
				GCC_NO_COMMON_BLOCKS = YES;
				GCC_WARN_64_TO_32_BIT_CONVERSION = YES;
				GCC_WARN_ABOUT_RETURN_TYPE = YES_ERROR;
				GCC_WARN_UNDECLARED_SELECTOR = YES;
				GCC_WARN_UNINITIALIZED_AUTOS = YES_AGGRESSIVE;
				GCC_WARN_UNUSED_FUNCTION = YES;
				GCC_WARN_UNUSED_VARIABLE = YES;
				IPHONEOS_DEPLOYMENT_TARGET = 9.3;
				MTL_ENABLE_DEBUG_INFO = NO;
				SDKROOT = iphoneos;
				TARGETED_DEVICE_FAMILY = "1,2";
				VALIDATE_PRODUCT = YES;
			};
			name = Release;
		};
		CA9241C51D3D385500147901 /* Debug */ = {
			isa = XCBuildConfiguration;
			buildSettings = {
				ASSETCATALOG_COMPILER_APPICON_NAME = AppIcon;
				GCC_PRECOMPILE_PREFIX_HEADER = YES;
				GCC_PREFIX_HEADER = UITableViewDemoObjectiveC/PrefixHeader.pch;
				INFOPLIST_FILE = UITableViewDemoObjectiveC/Info.plist;
				LD_RUNPATH_SEARCH_PATHS = "$(inherited) @executable_path/Frameworks";
				PRODUCT_BUNDLE_IDENTIFIER = com.iHart.UITableViewDemoObjectiveC;
				PRODUCT_NAME = "$(TARGET_NAME)";
			};
			name = Debug;
		};
		CA9241C61D3D385500147901 /* Release */ = {
			isa = XCBuildConfiguration;
			buildSettings = {
				ASSETCATALOG_COMPILER_APPICON_NAME = AppIcon;
				GCC_PRECOMPILE_PREFIX_HEADER = YES;
				GCC_PREFIX_HEADER = UITableViewDemoObjectiveC/PrefixHeader.pch;
				INFOPLIST_FILE = UITableViewDemoObjectiveC/Info.plist;
				LD_RUNPATH_SEARCH_PATHS = "$(inherited) @executable_path/Frameworks";
				PRODUCT_BUNDLE_IDENTIFIER = com.iHart.UITableViewDemoObjectiveC;
				PRODUCT_NAME = "$(TARGET_NAME)";
			};
			name = Release;
		};
/* End XCBuildConfiguration section */

/* Begin XCConfigurationList section */
		CA9241A81D3D385500147901 /* Build configuration list for PBXProject "UITableViewDemoObjectiveC" */ = {
			isa = XCConfigurationList;
			buildConfigurations = (
				CA9241C21D3D385500147901 /* Debug */,
				CA9241C31D3D385500147901 /* Release */,
			);
			defaultConfigurationIsVisible = 0;
			defaultConfigurationName = Release;
		};
		CA9241C41D3D385500147901 /* Build configuration list for PBXNativeTarget "UITableViewDemoObjectiveC" */ = {
			isa = XCConfigurationList;
			buildConfigurations = (
				CA9241C51D3D385500147901 /* Debug */,
				CA9241C61D3D385500147901 /* Release */,
			);
			defaultConfigurationIsVisible = 0;
			defaultConfigurationName = Release;
		};
/* End XCConfigurationList section */
	};
	rootObject = CA9241A51D3D385500147901 /* Project object */;
}
